
Microsoft Visual Studio Solution File, Format Version 12.00
# Visual Studio Version 16
VisualStudioVersion = 16.0.31911.196
MinimumVisualStudioVersion = 10.0.40219.1
Project("{FAE04EC0-301F-11D3-BF4B-00C04F79EFBC}") = "YarnSpinner.Framework", "YarnSpinner\YarnSpinner.Framework.csproj", "{7398E286-FA27-414D-BD38-4A1F210E5D50}"
EndProject
Project("{FAE04EC0-301F-11D3-BF4B-00C04F79EFBC}") = "YarnSpinner.Framework.Tests", "YarnSpinner.Tests\YarnSpinner.Framework.Tests.csproj", "{7BFA51DD-AB68-472C-9958-579AA8F3636C}"
EndProject
Project("{9A19103F-16F7-4668-BE54-9A1E7A4F7556}") = "YarnSpinner.Compiler.For.Framework", "YarnSpinner.Compiler\YarnSpinner.Compiler.For.Framework.csproj", "{316FA981-8C4C-40BD-8A58-932E6947E1AE}"
EndProject
Global
	GlobalSection(SolutionConfigurationPlatforms) = preSolution
		Debug|Any CPU = Debug|Any CPU
		Release|Any CPU = Release|Any CPU
	EndGlobalSection
	GlobalSection(ProjectConfigurationPlatforms) = postSolution
		{7398E286-FA27-414D-BD38-4A1F210E5D50}.Debug|Any CPU.ActiveCfg = Debug|Any CPU
		{7398E286-FA27-414D-BD38-4A1F210E5D50}.Debug|Any CPU.Build.0 = Debug|Any CPU
		{7398E286-FA27-414D-BD38-4A1F210E5D50}.Release|Any CPU.ActiveCfg = Release|Any CPU
		{7398E286-FA27-414D-BD38-4A1F210E5D50}.Release|Any CPU.Build.0 = Release|Any CPU
		{7BFA51DD-AB68-472C-9958-579AA8F3636C}.Debug|Any CPU.ActiveCfg = Debug|Any CPU
		{7BFA51DD-AB68-472C-9958-579AA8F3636C}.Debug|Any CPU.Build.0 = Debug|Any CPU
		{7BFA51DD-AB68-472C-9958-579AA8F3636C}.Release|Any CPU.ActiveCfg = Release|Any CPU
		{7BFA51DD-AB68-472C-9958-579AA8F3636C}.Release|Any CPU.Build.0 = Release|Any CPU
		{316FA981-8C4C-40BD-8A58-932E6947E1AE}.Debug|Any CPU.ActiveCfg = Debug|Any CPU
		{316FA981-8C4C-40BD-8A58-932E6947E1AE}.Debug|Any CPU.Build.0 = Debug|Any CPU
		{316FA981-8C4C-40BD-8A58-932E6947E1AE}.Release|Any CPU.ActiveCfg = Release|Any CPU
		{316FA981-8C4C-40BD-8A58-932E6947E1AE}.Release|Any CPU.Build.0 = Release|Any CPU
	EndGlobalSection
	GlobalSection(SolutionProperties) = preSolution
		HideSolutionNode = FALSE
	EndGlobalSection
	GlobalSection(ExtensibilityGlobals) = postSolution
		SolutionGuid = {162AE685-583E-41D1-AAE5-6EE1AFF3D59A}
	EndGlobalSection
EndGlobal
